
Microsoft Visual Studio Solution File, Format Version 12.00
# Visual Studio 15
VisualStudioVersion = 15.0.28307.1622
MinimumVisualStudioVersion = 10.0.40219.1
Project("{FAE04EC0-301F-11D3-BF4B-00C04F79EFBC}") = "Xoroshiro128Plus", "ConsoleApp8\Xoroshiro128Plus.csproj", "{D7DC8F92-5E46-4815-B4E2-F05FF054879A}"
EndProject
Global
	GlobalSection(SolutionConfigurationPlatforms) = preSolution
		Debug|Any CPU = Debug|Any CPU
		Release|Any CPU = Release|Any CPU
	EndGlobalSection
	GlobalSection(ProjectConfigurationPlatforms) = postSolution
		{D7DC8F92-5E46-4815-B4E2-F05FF054879A}.Debug|Any CPU.ActiveCfg = Debug|Any CPU
		{D7DC8F92-5E46-4815-B4E2-F05FF054879A}.Debug|Any CPU.Build.0 = Debug|Any CPU
		{D7DC8F92-5E46-4815-B4E2-F05FF054879A}.Release|Any CPU.ActiveCfg = Release|Any CPU
		{D7DC8F92-5E46-4815-B4E2-F05FF054879A}.Release|Any CPU.Build.0 = Release|Any CPU
	EndGlobalSection
	GlobalSection(SolutionProperties) = preSolution
		HideSolutionNode = FALSE
	EndGlobalSection
	GlobalSection(ExtensibilityGlobals) = postSolution
		SolutionGuid = {D3B9FCF9-65AB-4B1C-867C-760888CABDAE}
	EndGlobalSection
EndGlobal
